
Microsoft Visual Studio Solution File, Format Version 12.00
# Visual Studio Version 17
VisualStudioVersion = 17.5.002.0
MinimumVisualStudioVersion = 10.0.40219.1
Project("{2150E333-8FDC-42A3-9474-1A3956D46DE8}") = "backend", "backend", "{0157FEB7-4633-40B4-8E5D-466EC2C3C944}"
EndProject
Project("{9A19103F-16F7-4668-BE54-9A1E7A4F7556}") = "api", "backend\api\api.csproj", "{B2F79C8B-7AA9-4A48-908D-360D1C65491E}"
EndProject
Global
	GlobalSection(SolutionConfigurationPlatforms) = preSolution
		Debug|Any CPU = Debug|Any CPU
		Release|Any CPU = Release|Any CPU
	EndGlobalSection
	GlobalSection(ProjectConfigurationPlatforms) = postSolution
		{B2F79C8B-7AA9-4A48-908D-360D1C65491E}.Debug|Any CPU.ActiveCfg = Debug|Any CPU
		{B2F79C8B-7AA9-4A48-908D-360D1C65491E}.Debug|Any CPU.Build.0 = Debug|Any CPU
		{B2F79C8B-7AA9-4A48-908D-360D1C65491E}.Release|Any CPU.ActiveCfg = Release|Any CPU
		{B2F79C8B-7AA9-4A48-908D-360D1C65491E}.Release|Any CPU.Build.0 = Release|Any CPU
	EndGlobalSection
	GlobalSection(SolutionProperties) = preSolution
		HideSolutionNode = FALSE
	EndGlobalSection
	GlobalSection(NestedProjects) = preSolution
		{B2F79C8B-7AA9-4A48-908D-360D1C65491E} = {0157FEB7-4633-40B4-8E5D-466EC2C3C944}
	EndGlobalSection
	GlobalSection(ExtensibilityGlobals) = postSolution
		SolutionGuid = {848EA45C-02B4-4950-B1E2-74597FD5E104}
	EndGlobalSection
EndGlobal
